// !$*UTF8*$!
{
	archiveVersion = 1;
	classes = {
	};
	objectVersion = 46;
	objects = {

/* Begin PBXBuildFile section */
		2ED78E061AD375DA00A44D5C /* main.m in Sources */ = {isa = PBXBuildFile; fileRef = 2ED78E051AD375DA00A44D5C /* main.m */; };
		2ED78E091AD375DA00A44D5C /* AppDelegate.m in Sources */ = {isa = PBXBuildFile; fileRef = 2ED78E081AD375DA00A44D5C /* AppDelegate.m */; };
		2ED78E0C1AD375DA00A44D5C /* ViewController.m in Sources */ = {isa = PBXBuildFile; fileRef = 2ED78E0B1AD375DA00A44D5C /* ViewController.m */; };
		2ED78E0F1AD375DA00A44D5C /* Main.storyboard in Resources */ = {isa = PBXBuildFile; fileRef = 2ED78E0D1AD375DA00A44D5C /* Main.storyboard */; };
		2ED78E111AD375DA00A44D5C /* Images.xcassets in Resources */ = {isa = PBXBuildFile; fileRef = 2ED78E101AD375DA00A44D5C /* Images.xcassets */; };
		2ED78E141AD375DA00A44D5C /* LaunchScreen.xib in Resources */ = {isa = PBXBuildFile; fileRef = 2ED78E121AD375DA00A44D5C /* LaunchScreen.xib */; };
		2ED78E201AD375DA00A44D5C /* keychainTests.m in Sources */ = {isa = PBXBuildFile; fileRef = 2ED78E1F1AD375DA00A44D5C /* keychainTests.m */; };
		2ED78E2B1AD37BED00A44D5C /* KeyChain.m in Sources */ = {isa = PBXBuildFile; fileRef = 2ED78E2A1AD37BED00A44D5C /* KeyChain.m */; };
		2ED78E2E1AD3821200A44D5C /* UserDataManager.m in Sources */ = {isa = PBXBuildFile; fileRef = 2ED78E2D1AD3821200A44D5C /* UserDataManager.m */; };
/* End PBXBuildFile section */

/* Begin PBXContainerItemProxy section */
		2ED78E1A1AD375DA00A44D5C /* PBXContainerItemProxy */ = {
			isa = PBXContainerItemProxy;
			containerPortal = 2ED78DF81AD375DA00A44D5C /* Project object */;
			proxyType = 1;
			remoteGlobalIDString = 2ED78DFF1AD375DA00A44D5C;
			remoteInfo = keychain;
		};
/* End PBXContainerItemProxy section */

/* Begin PBXFileReference section */
		2ED78E001AD375DA00A44D5C /* keychain.app */ = {isa = PBXFileReference; explicitFileType = wrapper.application; includeInIndex = 0; path = keychain.app; sourceTree = BUILT_PRODUCTS_DIR; };
		2ED78E041AD375DA00A44D5C /* Info.plist */ = {isa = PBXFileReference; lastKnownFileType = text.plist.xml; path = Info.plist; sourceTree = "<group>"; };
		2ED78E051AD375DA00A44D5C /* main.m */ = {isa = PBXFileReference; lastKnownFileType = sourcecode.c.objc; path = main.m; sourceTree = "<group>"; };
		2ED78E071AD375DA00A44D5C /* AppDelegate.h */ = {isa = PBXFileReference; lastKnownFileType = sourcecode.c.h; path = AppDelegate.h; sourceTree = "<group>"; };
		2ED78E081AD375DA00A44D5C /* AppDelegate.m */ = {isa = PBXFileReference; lastKnownFileType = sourcecode.c.objc; path = AppDelegate.m; sourceTree = "<group>"; };
		2ED78E0A1AD375DA00A44D5C /* ViewController.h */ = {isa = PBXFileReference; lastKnownFileType = sourcecode.c.h; path = ViewController.h; sourceTree = "<group>"; };
		2ED78E0B1AD375DA00A44D5C /* ViewController.m */ = {isa = PBXFileReference; lastKnownFileType = sourcecode.c.objc; path = ViewController.m; sourceTree = "<group>"; };
		2ED78E0E1AD375DA00A44D5C /* Base */ = {isa = PBXFileReference; lastKnownFileType = file.storyboard; name = Base; path = Base.lproj/Main.storyboard; sourceTree = "<group>"; };
		2ED78E101AD375DA00A44D5C /* Images.xcassets */ = {isa = PBXFileReference; lastKnownFileType = folder.assetcatalog; path = Images.xcassets; sourceTree = "<group>"; };
		2ED78E131AD375DA00A44D5C /* Base */ = {isa = PBXFileReference; lastKnownFileType = file.xib; name = Base; path = Base.lproj/LaunchScreen.xib; sourceTree = "<group>"; };
		2ED78E191AD375DA00A44D5C /* keychainTests.xctest */ = {isa = PBXFileReference; explicitFileType = wrapper.cfbundle; includeInIndex = 0; path = keychainTests.xctest; sourceTree = BUILT_PRODUCTS_DIR; };
		2ED78E1E1AD375DA00A44D5C /* Info.plist */ = {isa = PBXFileReference; lastKnownFileType = text.plist.xml; path = Info.plist; sourceTree = "<group>"; };
		2ED78E1F1AD375DA00A44D5C /* keychainTests.m */ = {isa = PBXFileReference; lastKnownFileType = sourcecode.c.objc; path = keychainTests.m; sourceTree = "<group>"; };
		2ED78E291AD37BED00A44D5C /* KeyChain.h */ = {isa = PBXFileReference; fileEncoding = 4; lastKnownFileType = sourcecode.c.h; path = KeyChain.h; sourceTree = "<group>"; };
		2ED78E2A1AD37BED00A44D5C /* KeyChain.m */ = {isa = PBXFileReference; fileEncoding = 4; lastKnownFileType = sourcecode.c.objc; path = KeyChain.m; sourceTree = "<group>"; };
		2ED78E2C1AD3821200A44D5C /* UserDataManager.h */ = {isa = PBXFileReference; fileEncoding = 4; lastKnownFileType = sourcecode.c.h; path = UserDataManager.h; sourceTree = "<group>"; };
		2ED78E2D1AD3821200A44D5C /* UserDataManager.m */ = {isa = PBXFileReference; fileEncoding = 4; lastKnownFileType = sourcecode.c.objc; path = UserDataManager.m; sourceTree = "<group>"; };
/* End PBXFileReference section */

/* Begin PBXFrameworksBuildPhase section */
		2ED78DFD1AD375DA00A44D5C /* Frameworks */ = {
			isa = PBXFrameworksBuildPhase;
			buildActionMask = 2147483647;
			files = (
			);
			runOnlyForDeploymentPostprocessing = 0;
		};
		2ED78E161AD375DA00A44D5C /* Frameworks */ = {
			isa = PBXFrameworksBuildPhase;
			buildActionMask = 2147483647;
			files = (
			);
			runOnlyForDeploymentPostprocessing = 0;
		};
/* End PBXFrameworksBuildPhase section */

/* Begin PBXGroup section */
		2ED78DF71AD375DA00A44D5C = {
			isa = PBXGroup;
			children = (
				2ED78E021AD375DA00A44D5C /* keychain */,
				2ED78E1C1AD375DA00A44D5C /* keychainTests */,
				2ED78E011AD375DA00A44D5C /* Products */,
			);
			sourceTree = "<group>";
		};
		2ED78E011AD375DA00A44D5C /* Products */ = {
			isa = PBXGroup;
			children = (
				2ED78E001AD375DA00A44D5C /* keychain.app */,
				2ED78E191AD375DA00A44D5C /* keychainTests.xctest */,
			);
			name = Products;
			sourceTree = "<group>";
		};
		2ED78E021AD375DA00A44D5C /* keychain */ = {
			isa = PBXGroup;
			children = (
				2ED78E071AD375DA00A44D5C /* AppDelegate.h */,
				2ED78E081AD375DA00A44D5C /* AppDelegate.m */,
				2ED78E0A1AD375DA00A44D5C /* ViewController.h */,
				2ED78E0B1AD375DA00A44D5C /* ViewController.m */,
				2ED78E0D1AD375DA00A44D5C /* Main.storyboard */,
				2ED78E101AD375DA00A44D5C /* Images.xcassets */,
				2ED78E121AD375DA00A44D5C /* LaunchScreen.xib */,
				2ED78E031AD375DA00A44D5C /* Supporting Files */,
				2ED78E291AD37BED00A44D5C /* KeyChain.h */,
				2ED78E2A1AD37BED00A44D5C /* KeyChain.m */,
				2ED78E2C1AD3821200A44D5C /* UserDataManager.h */,
				2ED78E2D1AD3821200A44D5C /* UserDataManager.m */,
			);
			path = keychain;
			sourceTree = "<group>";
		};
		2ED78E031AD375DA00A44D5C /* Supporting Files */ = {
			isa = PBXGroup;
			children = (
				2ED78E041AD375DA00A44D5C /* Info.plist */,
				2ED78E051AD375DA00A44D5C /* main.m */,
			);
			name = "Supporting Files";
			sourceTree = "<group>";
		};
		2ED78E1C1AD375DA00A44D5C /* keychainTests */ = {
			isa = PBXGroup;
			children = (
				2ED78E1F1AD375DA00A44D5C /* keychainTests.m */,
				2ED78E1D1AD375DA00A44D5C /* Supporting Files */,
			);
			path = keychainTests;
			sourceTree = "<group>";
		};
		2ED78E1D1AD375DA00A44D5C /* Supporting Files */ = {
			isa = PBXGroup;
			children = (
				2ED78E1E1AD375DA00A44D5C /* Info.plist */,
			);
			name = "Supporting Files";
			sourceTree = "<group>";
		};
/* End PBXGroup section */

/* Begin PBXNativeTarget section */
		2ED78DFF1AD375DA00A44D5C /* keychain */ = {
			isa = PBXNativeTarget;
			buildConfigurationList = 2ED78E231AD375DA00A44D5C /* Build configuration list for PBXNativeTarget "keychain" */;
			buildPhases = (
				2ED78DFC1AD375DA00A44D5C /* Sources */,
				2ED78DFD1AD375DA00A44D5C /* Frameworks */,
				2ED78DFE1AD375DA00A44D5C /* Resources */,
			);
			buildRules = (
			);
			dependencies = (
			);
			name = keychain;
			productName = keychain;
			productReference = 2ED78E001AD375DA00A44D5C /* keychain.app */;
			productType = "com.apple.product-type.application";
		};
		2ED78E181AD375DA00A44D5C /* keychainTests */ = {
			isa = PBXNativeTarget;
			buildConfigurationList = 2ED78E261AD375DA00A44D5C /* Build configuration list for PBXNativeTarget "keychainTests" */;
			buildPhases = (
				2ED78E151AD375DA00A44D5C /* Sources */,
				2ED78E161AD375DA00A44D5C /* Frameworks */,
				2ED78E171AD375DA00A44D5C /* Resources */,
			);
			buildRules = (
			);
			dependencies = (
				2ED78E1B1AD375DA00A44D5C /* PBXTargetDependency */,
			);
			name = keychainTests;
			productName = keychainTests;
			productReference = 2ED78E191AD375DA00A44D5C /* keychainTests.xctest */;
			productType = "com.apple.product-type.bundle.unit-test";
		};
/* End PBXNativeTarget section */

/* Begin PBXProject section */
		2ED78DF81AD375DA00A44D5C /* Project object */ = {
			isa = PBXProject;
			attributes = {
				LastUpgradeCheck = 0610;
				ORGANIZATIONNAME = tfwang;
				TargetAttributes = {
					2ED78DFF1AD375DA00A44D5C = {
						CreatedOnToolsVersion = 6.1;
					};
					2ED78E181AD375DA00A44D5C = {
						CreatedOnToolsVersion = 6.1;
						TestTargetID = 2ED78DFF1AD375DA00A44D5C;
					};
				};
			};
			buildConfigurationList = 2ED78DFB1AD375DA00A44D5C /* Build configuration list for PBXProject "keychain" */;
			compatibilityVersion = "Xcode 3.2";
			developmentRegion = English;
			hasScannedForEncodings = 0;
			knownRegions = (
				en,
				Base,
			);
			mainGroup = 2ED78DF71AD375DA00A44D5C;
			productRefGroup = 2ED78E011AD375DA00A44D5C /* Products */;
			projectDirPath = "";
			projectRoot = "";
			targets = (
				2ED78DFF1AD375DA00A44D5C /* keychain */,
				2ED78E181AD375DA00A44D5C /* keychainTests */,
			);
		};
/* End PBXProject section */

/* Begin PBXResourcesBuildPhase section */
		2ED78DFE1AD375DA00A44D5C /* Resources */ = {
			isa = PBXResourcesBuildPhase;
			buildActionMask = 2147483647;
			files = (
				2ED78E0F1AD375DA00A44D5C /* Main.storyboard in Resources */,
				2ED78E141AD375DA00A44D5C /* LaunchScreen.xib in Resources */,
				2ED78E111AD375DA00A44D5C /* Images.xcassets in Resources */,
			);
			runOnlyForDeploymentPostprocessing = 0;
		};
		2ED78E171AD375DA00A44D5C /* Resources */ = {
			isa = PBXResourcesBuildPhase;
			buildActionMask = 2147483647;
			files = (
			);
			runOnlyForDeploymentPostprocessing = 0;
		};
/* End PBXResourcesBuildPhase section */

/* Begin PBXSourcesBuildPhase section */
		2ED78DFC1AD375DA00A44D5C /* Sources */ = {
			isa = PBXSourcesBuildPhase;
			buildActionMask = 2147483647;
			files = (
				2ED78E0C1AD375DA00A44D5C /* ViewController.m in Sources */,
				2ED78E2E1AD3821200A44D5C /* UserDataManager.m in Sources */,
				2ED78E2B1AD37BED00A44D5C /* KeyChain.m in Sources */,
				2ED78E091AD375DA00A44D5C /* AppDelegate.m in Sources */,
				2ED78E061AD375DA00A44D5C /* main.m in Sources */,
			);
			runOnlyForDeploymentPostprocessing = 0;
		};
		2ED78E151AD375DA00A44D5C /* Sources */ = {
			isa = PBXSourcesBuildPhase;
			buildActionMask = 2147483647;
			files = (
				2ED78E201AD375DA00A44D5C /* keychainTests.m in Sources */,
			);
			runOnlyForDeploymentPostprocessing = 0;
		};
/* End PBXSourcesBuildPhase section */

/* Begin PBXTargetDependency section */
		2ED78E1B1AD375DA00A44D5C /* PBXTargetDependency */ = {
			isa = PBXTargetDependency;
			target = 2ED78DFF1AD375DA00A44D5C /* keychain */;
			targetProxy = 2ED78E1A1AD375DA00A44D5C /* PBXContainerItemProxy */;
		};
/* End PBXTargetDependency section */

/* Begin PBXVariantGroup section */
		2ED78E0D1AD375DA00A44D5C /* Main.storyboard */ = {
			isa = PBXVariantGroup;
			children = (
				2ED78E0E1AD375DA00A44D5C /* Base */,
			);
			name = Main.storyboard;
			sourceTree = "<group>";
		};
		2ED78E121AD375DA00A44D5C /* LaunchScreen.xib */ = {
			isa = PBXVariantGroup;
			children = (
				2ED78E131AD375DA00A44D5C /* Base */,
			);
			name = LaunchScreen.xib;
			sourceTree = "<group>";
		};
/* End PBXVariantGroup section */

/* Begin XCBuildConfiguration section */
		2ED78E211AD375DA00A44D5C /* Debug */ = {
			isa = XCBuildConfiguration;
			buildSettings = {
				ALWAYS_SEARCH_USER_PATHS = NO;
				CLANG_CXX_LANGUAGE_STANDARD = "gnu++0x";
				CLANG_CXX_LIBRARY = "libc++";
				CLANG_ENABLE_MODULES = YES;
				CLANG_ENABLE_OBJC_ARC = YES;
				CLANG_WARN_BOOL_CONVERSION = YES;
				CLANG_WARN_CONSTANT_CONVERSION = YES;
				CLANG_WARN_DIRECT_OBJC_ISA_USAGE = YES_ERROR;
				CLANG_WARN_EMPTY_BODY = YES;
				CLANG_WARN_ENUM_CONVERSION = YES;
				CLANG_WARN_INT_CONVERSION = YES;
				CLANG_WARN_OBJC_ROOT_CLASS = YES_ERROR;
				CLANG_WARN_UNREACHABLE_CODE = YES;
				CLANG_WARN__DUPLICATE_METHOD_MATCH = YES;
				"CODE_SIGN_IDENTITY[sdk=iphoneos*]" = "iPhone Developer";
				COPY_PHASE_STRIP = NO;
				ENABLE_STRICT_OBJC_MSGSEND = YES;
				GCC_C_LANGUAGE_STANDARD = gnu99;
				GCC_DYNAMIC_NO_PIC = NO;
				GCC_OPTIMIZATION_LEVEL = 0;
				GCC_PREPROCESSOR_DEFINITIONS = (
					"DEBUG=1",
					"$(inherited)",
				);
				GCC_SYMBOLS_PRIVATE_EXTERN = NO;
				GCC_WARN_64_TO_32_BIT_CONVERSION = YES;
				GCC_WARN_ABOUT_RETURN_TYPE = YES_ERROR;
				GCC_WARN_UNDECLARED_SELECTOR = YES;
				GCC_WARN_UNINITIALIZED_AUTOS = YES_AGGRESSIVE;
				GCC_WARN_UNUSED_FUNCTION = YES;
				GCC_WARN_UNUSED_VARIABLE = YES;
				IPHONEOS_DEPLOYMENT_TARGET = 8.1;
				MTL_ENABLE_DEBUG_INFO = YES;
				ONLY_ACTIVE_ARCH = YES;
				SDKROOT = iphoneos;
			};
			name = Debug;
		};
		2ED78E221AD375DA00A44D5C /* Release */ = {
			isa = XCBuildConfiguration;
			buildSettings = {
				ALWAYS_SEARCH_USER_PATHS = NO;
				CLANG_CXX_LANGUAGE_STANDARD = "gnu++0x";
				CLANG_CXX_LIBRARY = "libc++";
				CLANG_ENABLE_MODULES = YES;
				CLANG_ENABLE_OBJC_ARC = YES;
				CLANG_WARN_BOOL_CONVERSION = YES;
				CLANG_WARN_CONSTANT_CONVERSION = YES;
				CLANG_WARN_DIRECT_OBJC_ISA_USAGE = YES_ERROR;
				CLANG_WARN_EMPTY_BODY = YES;
				CLANG_WARN_ENUM_CONVERSION = YES;
				CLANG_WARN_INT_CONVERSION = YES;
				CLANG_WARN_OBJC_ROOT_CLASS = YES_ERROR;
				CLANG_WARN_UNREACHABLE_CODE = YES;
				CLANG_WARN__DUPLICATE_METHOD_MATCH = YES;
				"CODE_SIGN_IDENTITY[sdk=iphoneos*]" = "iPhone Developer";
				COPY_PHASE_STRIP = YES;
				ENABLE_NS_ASSERTIONS = NO;
				ENABLE_STRICT_OBJC_MSGSEND = YES;
				GCC_C_LANGUAGE_STANDARD = gnu99;
				GCC_WARN_64_TO_32_BIT_CONVERSION = YES;
				GCC_WARN_ABOUT_RETURN_TYPE = YES_ERROR;
				GCC_WARN_UNDECLARED_SELECTOR = YES;
				GCC_WARN_UNINITIALIZED_AUTOS = YES_AGGRESSIVE;
				GCC_WARN_UNUSED_FUNCTION = YES;
				GCC_WARN_UNUSED_VARIABLE = YES;
				IPHONEOS_DEPLOYMENT_TARGET = 8.1;
				MTL_ENABLE_DEBUG_INFO = NO;
				SDKROOT = iphoneos;
				VALIDATE_PRODUCT = YES;
			};
			name = Release;
		};
		2ED78E241AD375DA00A44D5C /* Debug */ = {
			isa = XCBuildConfiguration;
			buildSettings = {
				ASSETCATALOG_COMPILER_APPICON_NAME = AppIcon;
				INFOPLIST_FILE = keychain/Info.plist;
				LD_RUNPATH_SEARCH_PATHS = "$(inherited) @executable_path/Frameworks";
				PRODUCT_NAME = "$(TARGET_NAME)";
			};
			name = Debug;
		};
		2ED78E251AD375DA00A44D5C /* Release */ = {
			isa = XCBuildConfiguration;
			buildSettings = {
				ASSETCATALOG_COMPILER_APPICON_NAME = AppIcon;
				INFOPLIST_FILE = keychain/Info.plist;
				LD_RUNPATH_SEARCH_PATHS = "$(inherited) @executable_path/Frameworks";
				PRODUCT_NAME = "$(TARGET_NAME)";
			};
			name = Release;
		};
		2ED78E271AD375DA00A44D5C /* Debug */ = {
			isa = XCBuildConfiguration;
			buildSettings = {
				BUNDLE_LOADER = "$(TEST_HOST)";
				FRAMEWORK_SEARCH_PATHS = (
					"$(SDKROOT)/Developer/Library/Frameworks",
					"$(inherited)",
				);
				GCC_PREPROCESSOR_DEFINITIONS = (
					"DEBUG=1",
					"$(inherited)",
				);
				INFOPLIST_FILE = keychainTests/Info.plist;
				LD_RUNPATH_SEARCH_PATHS = "$(inherited) @executable_path/Frameworks @loader_path/Frameworks";
				PRODUCT_NAME = "$(TARGET_NAME)";
				TEST_HOST = "$(BUILT_PRODUCTS_DIR)/keychain.app/keychain";
			};
			name = Debug;
		};
		2ED78E281AD375DA00A44D5C /* Release */ = {
			isa = XCBuildConfiguration;
			buildSettings = {
				BUNDLE_LOADER = "$(TEST_HOST)";
				FRAMEWORK_SEARCH_PATHS = (
					"$(SDKROOT)/Developer/Library/Frameworks",
					"$(inherited)",
				);
				INFOPLIST_FILE = keychainTests/Info.plist;
				LD_RUNPATH_SEARCH_PATHS = "$(inherited) @executable_path/Frameworks @loader_path/Frameworks";
				PRODUCT_NAME = "$(TARGET_NAME)";
				TEST_HOST = "$(BUILT_PRODUCTS_DIR)/keychain.app/keychain";
			};
			name = Release;
		};
/* End XCBuildConfiguration section */

/* Begin XCConfigurationList section */
		2ED78DFB1AD375DA00A44D5C /* Build configuration list for PBXProject "keychain" */ = {
			isa = XCConfigurationList;
			buildConfigurations = (
				2ED78E211AD375DA00A44D5C /* Debug */,
				2ED78E221AD375DA00A44D5C /* Release */,
			);
			defaultConfigurationIsVisible = 0;
			defaultConfigurationName = Release;
		};
		2ED78E231AD375DA00A44D5C /* Build configuration list for PBXNativeTarget "keychain" */ = {
			isa = XCConfigurationList;
			buildConfigurations = (
				2ED78E241AD375DA00A44D5C /* Debug */,
				2ED78E251AD375DA00A44D5C /* Release */,
			);
			defaultConfigurationIsVisible = 0;
		};
		2ED78E261AD375DA00A44D5C /* Build configuration list for PBXNativeTarget "keychainTests" */ = {
			isa = XCConfigurationList;
			buildConfigurations = (
				2ED78E271AD375DA00A44D5C /* Debug */,
				2ED78E281AD375DA00A44D5C /* Release */,
			);
			defaultConfigurationIsVisible = 0;
		};
/* End XCConfigurationList section */
	};
	rootObject = 2ED78DF81AD375DA00A44D5C /* Project object */;
}
